// !$*UTF8*$!
{
	archiveVersion = 1;
	classes = {
	};
	objectVersion = 56;
	objects = {

/* Begin PBXBuildFile section */
		5D04A2D3292CCCF100565BFA /* AppDelegate.swift in Sources */ = {isa = PBXBuildFile; fileRef = 5D04A2D2292CCCF100565BFA /* AppDelegate.swift */; };
		5D04A2D5292CCCF100565BFA /* SceneDelegate.swift in Sources */ = {isa = PBXBuildFile; fileRef = 5D04A2D4292CCCF100565BFA /* SceneDelegate.swift */; };
		5D04A2D7292CCCF100565BFA /* ViewController.swift in Sources */ = {isa = PBXBuildFile; fileRef = 5D04A2D6292CCCF100565BFA /* ViewController.swift */; };
		5D04A2DA292CCCF100565BFA /* Main.storyboard in Resources */ = {isa = PBXBuildFile; fileRef = 5D04A2D8292CCCF100565BFA /* Main.storyboard */; };
		5D04A2DD292CCCF100565BFA /* RickMortySwiftWithoutSB.xcdatamodeld in Sources */ = {isa = PBXBuildFile; fileRef = 5D04A2DB292CCCF100565BFA /* RickMortySwiftWithoutSB.xcdatamodeld */; };
		5D04A2DF292CCCF100565BFA /* Assets.xcassets in Resources */ = {isa = PBXBuildFile; fileRef = 5D04A2DE292CCCF100565BFA /* Assets.xcassets */; };
		5D04A2E2292CCCF100565BFA /* LaunchScreen.storyboard in Resources */ = {isa = PBXBuildFile; fileRef = 5D04A2E0292CCCF100565BFA /* LaunchScreen.storyboard */; };
		5D04A2F3292CCEE700565BFA /* RickMortyViewController.swift in Sources */ = {isa = PBXBuildFile; fileRef = 5D04A2F2292CCEE700565BFA /* RickMortyViewController.swift */; };
		5D1C0CA0292FB3D6009461DC /* RickMortyService.swift in Sources */ = {isa = PBXBuildFile; fileRef = 5D1C0C9F292FB3D6009461DC /* RickMortyService.swift */; };
		5D1C0CA2292FB3FF009461DC /* RickMortyModel.swift in Sources */ = {isa = PBXBuildFile; fileRef = 5D1C0CA1292FB3FF009461DC /* RickMortyModel.swift */; };
		5D1C0CA5292FB93C009461DC /* Alamofire in Frameworks */ = {isa = PBXBuildFile; productRef = 5D1C0CA4292FB93C009461DC /* Alamofire */; };
		5D1C0CA8292FB95C009461DC /* AlamofireImage in Frameworks */ = {isa = PBXBuildFile; productRef = 5D1C0CA7292FB95C009461DC /* AlamofireImage */; };
		5D1C0CAA292FC3AB009461DC /* RickMortyViewModel.swift in Sources */ = {isa = PBXBuildFile; fileRef = 5D1C0CA9292FC3AB009461DC /* RickMortyViewModel.swift */; };
		5D1C0CAD292FD3A3009461DC /* RickMortyTableViewCell.swift in Sources */ = {isa = PBXBuildFile; fileRef = 5D1C0CAC292FD3A3009461DC /* RickMortyTableViewCell.swift */; };
		5D5994ED292CEF64000DAF7A /* SnapKit in Frameworks */ = {isa = PBXBuildFile; productRef = 5D5994EC292CEF64000DAF7A /* SnapKit */; };
/* End PBXBuildFile section */

/* Begin PBXFileReference section */
		5D04A2CF292CCCF100565BFA /* RickMortySwiftWithoutSB.app */ = {isa = PBXFileReference; explicitFileType = wrapper.application; includeInIndex = 0; path = RickMortySwiftWithoutSB.app; sourceTree = BUILT_PRODUCTS_DIR; };
		5D04A2D2292CCCF100565BFA /* AppDelegate.swift */ = {isa = PBXFileReference; lastKnownFileType = sourcecode.swift; path = AppDelegate.swift; sourceTree = "<group>"; };
		5D04A2D4292CCCF100565BFA /* SceneDelegate.swift */ = {isa = PBXFileReference; lastKnownFileType = sourcecode.swift; path = SceneDelegate.swift; sourceTree = "<group>"; };
		5D04A2D6292CCCF100565BFA /* ViewController.swift */ = {isa = PBXFileReference; lastKnownFileType = sourcecode.swift; path = ViewController.swift; sourceTree = "<group>"; };
		5D04A2D9292CCCF100565BFA /* Base */ = {isa = PBXFileReference; lastKnownFileType = file.storyboard; name = Base; path = Base.lproj/Main.storyboard; sourceTree = "<group>"; };
		5D04A2DC292CCCF100565BFA /* RickMortySwiftWithoutSB.xcdatamodel */ = {isa = PBXFileReference; lastKnownFileType = wrapper.xcdatamodel; path = RickMortySwiftWithoutSB.xcdatamodel; sourceTree = "<group>"; };
		5D04A2DE292CCCF100565BFA /* Assets.xcassets */ = {isa = PBXFileReference; lastKnownFileType = folder.assetcatalog; path = Assets.xcassets; sourceTree = "<group>"; };
		5D04A2E1292CCCF100565BFA /* Base */ = {isa = PBXFileReference; lastKnownFileType = file.storyboard; name = Base; path = Base.lproj/LaunchScreen.storyboard; sourceTree = "<group>"; };
		5D04A2E3292CCCF100565BFA /* Info.plist */ = {isa = PBXFileReference; lastKnownFileType = text.plist.xml; path = Info.plist; sourceTree = "<group>"; };
		5D04A2F2292CCEE700565BFA /* RickMortyViewController.swift */ = {isa = PBXFileReference; lastKnownFileType = sourcecode.swift; path = RickMortyViewController.swift; sourceTree = "<group>"; };
		5D1C0C9F292FB3D6009461DC /* RickMortyService.swift */ = {isa = PBXFileReference; lastKnownFileType = sourcecode.swift; path = RickMortyService.swift; sourceTree = "<group>"; };
		5D1C0CA1292FB3FF009461DC /* RickMortyModel.swift */ = {isa = PBXFileReference; lastKnownFileType = sourcecode.swift; path = RickMortyModel.swift; sourceTree = "<group>"; };
		5D1C0CA9292FC3AB009461DC /* RickMortyViewModel.swift */ = {isa = PBXFileReference; lastKnownFileType = sourcecode.swift; path = RickMortyViewModel.swift; sourceTree = "<group>"; };
		5D1C0CAC292FD3A3009461DC /* RickMortyTableViewCell.swift */ = {isa = PBXFileReference; lastKnownFileType = sourcecode.swift; path = RickMortyTableViewCell.swift; sourceTree = "<group>"; };
/* End PBXFileReference section */

/* Begin PBXFrameworksBuildPhase section */
		5D04A2CC292CCCF100565BFA /* Frameworks */ = {
			isa = PBXFrameworksBuildPhase;
			buildActionMask = 2147483647;
			files = (
				5D5994ED292CEF64000DAF7A /* SnapKit in Frameworks */,
				5D1C0CA5292FB93C009461DC /* Alamofire in Frameworks */,
				5D1C0CA8292FB95C009461DC /* AlamofireImage in Frameworks */,
			);
			runOnlyForDeploymentPostprocessing = 0;
		};
/* End PBXFrameworksBuildPhase section */

/* Begin PBXGroup section */
		5D04A2C6292CCCF100565BFA = {
			isa = PBXGroup;
			children = (
				5D04A2D1292CCCF100565BFA /* RickMortySwiftWithoutSB */,
				5D04A2D0292CCCF100565BFA /* Products */,
			);
			sourceTree = "<group>";
		};
		5D04A2D0292CCCF100565BFA /* Products */ = {
			isa = PBXGroup;
			children = (
				5D04A2CF292CCCF100565BFA /* RickMortySwiftWithoutSB.app */,
			);
			name = Products;
			sourceTree = "<group>";
		};
		5D04A2D1292CCCF100565BFA /* RickMortySwiftWithoutSB */ = {
			isa = PBXGroup;
			children = (
				5D04A2EA292CCE5500565BFA /* Features */,
				5D04A2E9292CCD1500565BFA /* Core */,
				5D04A2E3292CCCF100565BFA /* Info.plist */,
				5D04A2E0292CCCF100565BFA /* LaunchScreen.storyboard */,
				5D04A2DB292CCCF100565BFA /* RickMortySwiftWithoutSB.xcdatamodeld */,
			);
			path = RickMortySwiftWithoutSB;
			sourceTree = "<group>";
		};
		5D04A2E9292CCD1500565BFA /* Core */ = {
			isa = PBXGroup;
			children = (
				5D04A2DE292CCCF100565BFA /* Assets.xcassets */,
				5D04A2D2292CCCF100565BFA /* AppDelegate.swift */,
				5D04A2D4292CCCF100565BFA /* SceneDelegate.swift */,
				5D04A2D6292CCCF100565BFA /* ViewController.swift */,
				5D04A2D8292CCCF100565BFA /* Main.storyboard */,
			);
			path = Core;
			sourceTree = "<group>";
		};
		5D04A2EA292CCE5500565BFA /* Features */ = {
			isa = PBXGroup;
			children = (
				5D04A2EB292CCE6500565BFA /* RickMorty */,
			);
			path = Features;
			sourceTree = "<group>";
		};
		5D04A2EB292CCE6500565BFA /* RickMorty */ = {
			isa = PBXGroup;
			children = (
				5D04A2F0292CCEAA00565BFA /* Model */,
				5D04A2EF292CCEA100565BFA /* Service */,
				5D04A2EE292CCE9600565BFA /* ViewModel */,
				5D04A2ED292CCE7F00565BFA /* View */,
			);
			path = RickMorty;
			sourceTree = "<group>";
		};
		5D04A2ED292CCE7F00565BFA /* View */ = {
			isa = PBXGroup;
			children = (
				5D1C0CAB292FD380009461DC /* TableViewCell */,
				5D04A2F2292CCEE700565BFA /* RickMortyViewController.swift */,
			);
			path = View;
			sourceTree = "<group>";
		};
		5D04A2EE292CCE9600565BFA /* ViewModel */ = {
			isa = PBXGroup;
			children = (
				5D1C0CA9292FC3AB009461DC /* RickMortyViewModel.swift */,
			);
			path = ViewModel;
			sourceTree = "<group>";
		};
		5D04A2EF292CCEA100565BFA /* Service */ = {
			isa = PBXGroup;
			children = (
				5D1C0C9F292FB3D6009461DC /* RickMortyService.swift */,
			);
			path = Service;
			sourceTree = "<group>";
		};
		5D04A2F0292CCEAA00565BFA /* Model */ = {
			isa = PBXGroup;
			children = (
				5D1C0CA1292FB3FF009461DC /* RickMortyModel.swift */,
			);
			path = Model;
			sourceTree = "<group>";
		};
		5D1C0CAB292FD380009461DC /* TableViewCell */ = {
			isa = PBXGroup;
			children = (
				5D1C0CAC292FD3A3009461DC /* RickMortyTableViewCell.swift */,
			);
			path = TableViewCell;
			sourceTree = "<group>";
		};
/* End PBXGroup section */

/* Begin PBXNativeTarget section */
		5D04A2CE292CCCF100565BFA /* RickMortySwiftWithoutSB */ = {
			isa = PBXNativeTarget;
			buildConfigurationList = 5D04A2E6292CCCF100565BFA /* Build configuration list for PBXNativeTarget "RickMortySwiftWithoutSB" */;
			buildPhases = (
				5D04A2CB292CCCF100565BFA /* Sources */,
				5D04A2CC292CCCF100565BFA /* Frameworks */,
				5D04A2CD292CCCF100565BFA /* Resources */,
			);
			buildRules = (
			);
			dependencies = (
			);
			name = RickMortySwiftWithoutSB;
			packageProductDependencies = (
				5D5994EC292CEF64000DAF7A /* SnapKit */,
				5D1C0CA4292FB93C009461DC /* Alamofire */,
				5D1C0CA7292FB95C009461DC /* AlamofireImage */,
			);
			productName = RickMortySwiftWithoutSB;
			productReference = 5D04A2CF292CCCF100565BFA /* RickMortySwiftWithoutSB.app */;
			productType = "com.apple.product-type.application";
		};
/* End PBXNativeTarget section */

/* Begin PBXProject section */
		5D04A2C7292CCCF100565BFA /* Project object */ = {
			isa = PBXProject;
			attributes = {
				BuildIndependentTargetsInParallel = 1;
				LastSwiftUpdateCheck = 1410;
				LastUpgradeCheck = 1410;
				TargetAttributes = {
					5D04A2CE292CCCF100565BFA = {
						CreatedOnToolsVersion = 14.1;
					};
				};
			};
			buildConfigurationList = 5D04A2CA292CCCF100565BFA /* Build configuration list for PBXProject "RickMortySwiftWithoutSB" */;
			compatibilityVersion = "Xcode 14.0";
			developmentRegion = en;
			hasScannedForEncodings = 0;
			knownRegions = (
				en,
				Base,
			);
			mainGroup = 5D04A2C6292CCCF100565BFA;
			packageReferences = (
				5D5994EB292CEF64000DAF7A /* XCRemoteSwiftPackageReference "SnapKit" */,
				5D1C0CA3292FB93C009461DC /* XCRemoteSwiftPackageReference "Alamofire" */,
				5D1C0CA6292FB95C009461DC /* XCRemoteSwiftPackageReference "AlamofireImage" */,
			);
			productRefGroup = 5D04A2D0292CCCF100565BFA /* Products */;
			projectDirPath = "";
			projectRoot = "";
			targets = (
				5D04A2CE292CCCF100565BFA /* RickMortySwiftWithoutSB */,
			);
		};
/* End PBXProject section */

/* Begin PBXResourcesBuildPhase section */
		5D04A2CD292CCCF100565BFA /* Resources */ = {
			isa = PBXResourcesBuildPhase;
			buildActionMask = 2147483647;
			files = (
				5D04A2E2292CCCF100565BFA /* LaunchScreen.storyboard in Resources */,
				5D04A2DF292CCCF100565BFA /* Assets.xcassets in Resources */,
				5D04A2DA292CCCF100565BFA /* Main.storyboard in Resources */,
			);
			runOnlyForDeploymentPostprocessing = 0;
		};
/* End PBXResourcesBuildPhase section */

/* Begin PBXSourcesBuildPhase section */
		5D04A2CB292CCCF100565BFA /* Sources */ = {
			isa = PBXSourcesBuildPhase;
			buildActionMask = 2147483647;
			files = (
				5D1C0CAD292FD3A3009461DC /* RickMortyTableViewCell.swift in Sources */,
				5D04A2D7292CCCF100565BFA /* ViewController.swift in Sources */,
				5D04A2D3292CCCF100565BFA /* AppDelegate.swift in Sources */,
				5D04A2F3292CCEE700565BFA /* RickMortyViewController.swift in Sources */,
				5D1C0CAA292FC3AB009461DC /* RickMortyViewModel.swift in Sources */,
				5D04A2DD292CCCF100565BFA /* RickMortySwiftWithoutSB.xcdatamodeld in Sources */,
				5D1C0CA0292FB3D6009461DC /* RickMortyService.swift in Sources */,
				5D04A2D5292CCCF100565BFA /* SceneDelegate.swift in Sources */,
				5D1C0CA2292FB3FF009461DC /* RickMortyModel.swift in Sources */,
			);
			runOnlyForDeploymentPostprocessing = 0;
		};
/* End PBXSourcesBuildPhase section */

/* Begin PBXVariantGroup section */
		5D04A2D8292CCCF100565BFA /* Main.storyboard */ = {
			isa = PBXVariantGroup;
			children = (
				5D04A2D9292CCCF100565BFA /* Base */,
			);
			name = Main.storyboard;
			sourceTree = "<group>";
		};
		5D04A2E0292CCCF100565BFA /* LaunchScreen.storyboard */ = {
			isa = PBXVariantGroup;
			children = (
				5D04A2E1292CCCF100565BFA /* Base */,
			);
			name = LaunchScreen.storyboard;
			sourceTree = "<group>";
		};
/* End PBXVariantGroup section */

/* Begin XCBuildConfiguration section */
		5D04A2E4292CCCF100565BFA /* Debug */ = {
			isa = XCBuildConfiguration;
			buildSettings = {
				ALWAYS_SEARCH_USER_PATHS = NO;
				CLANG_ANALYZER_NONNULL = YES;
				CLANG_ANALYZER_NUMBER_OBJECT_CONVERSION = YES_AGGRESSIVE;
				CLANG_CXX_LANGUAGE_STANDARD = "gnu++20";
				CLANG_ENABLE_MODULES = YES;
				CLANG_ENABLE_OBJC_ARC = YES;
				CLANG_ENABLE_OBJC_WEAK = YES;
				CLANG_WARN_BLOCK_CAPTURE_AUTORELEASING = YES;
				CLANG_WARN_BOOL_CONVERSION = YES;
				CLANG_WARN_COMMA = YES;
				CLANG_WARN_CONSTANT_CONVERSION = YES;
				CLANG_WARN_DEPRECATED_OBJC_IMPLEMENTATIONS = YES;
				CLANG_WARN_DIRECT_OBJC_ISA_USAGE = YES_ERROR;
				CLANG_WARN_DOCUMENTATION_COMMENTS = YES;
				CLANG_WARN_EMPTY_BODY = YES;
				CLANG_WARN_ENUM_CONVERSION = YES;
				CLANG_WARN_INFINITE_RECURSION = YES;
				CLANG_WARN_INT_CONVERSION = YES;
				CLANG_WARN_NON_LITERAL_NULL_CONVERSION = YES;
				CLANG_WARN_OBJC_IMPLICIT_RETAIN_SELF = YES;
				CLANG_WARN_OBJC_LITERAL_CONVERSION = YES;
				CLANG_WARN_OBJC_ROOT_CLASS = YES_ERROR;
				CLANG_WARN_QUOTED_INCLUDE_IN_FRAMEWORK_HEADER = YES;
				CLANG_WARN_RANGE_LOOP_ANALYSIS = YES;
				CLANG_WARN_STRICT_PROTOTYPES = YES;
				CLANG_WARN_SUSPICIOUS_MOVE = YES;
				CLANG_WARN_UNGUARDED_AVAILABILITY = YES_AGGRESSIVE;
				CLANG_WARN_UNREACHABLE_CODE = YES;
				CLANG_WARN__DUPLICATE_METHOD_MATCH = YES;
				COPY_PHASE_STRIP = NO;
				DEBUG_INFORMATION_FORMAT = dwarf;
				ENABLE_STRICT_OBJC_MSGSEND = YES;
				ENABLE_TESTABILITY = YES;
				GCC_C_LANGUAGE_STANDARD = gnu11;
				GCC_DYNAMIC_NO_PIC = NO;
				GCC_NO_COMMON_BLOCKS = YES;
				GCC_OPTIMIZATION_LEVEL = 0;
				GCC_PREPROCESSOR_DEFINITIONS = (
					"DEBUG=1",
					"$(inherited)",
				);
				GCC_WARN_64_TO_32_BIT_CONVERSION = YES;
				GCC_WARN_ABOUT_RETURN_TYPE = YES_ERROR;
				GCC_WARN_UNDECLARED_SELECTOR = YES;
				GCC_WARN_UNINITIALIZED_AUTOS = YES_AGGRESSIVE;
				GCC_WARN_UNUSED_FUNCTION = YES;
				GCC_WARN_UNUSED_VARIABLE = YES;
				IPHONEOS_DEPLOYMENT_TARGET = 16.1;
				MTL_ENABLE_DEBUG_INFO = INCLUDE_SOURCE;
				MTL_FAST_MATH = YES;
				ONLY_ACTIVE_ARCH = YES;
				SDKROOT = iphoneos;
				SWIFT_ACTIVE_COMPILATION_CONDITIONS = DEBUG;
				SWIFT_OPTIMIZATION_LEVEL = "-Onone";
			};
			name = Debug;
		};
		5D04A2E5292CCCF100565BFA /* Release */ = {
			isa = XCBuildConfiguration;
			buildSettings = {
				ALWAYS_SEARCH_USER_PATHS = NO;
				CLANG_ANALYZER_NONNULL = YES;
				CLANG_ANALYZER_NUMBER_OBJECT_CONVERSION = YES_AGGRESSIVE;
				CLANG_CXX_LANGUAGE_STANDARD = "gnu++20";
				CLANG_ENABLE_MODULES = YES;
				CLANG_ENABLE_OBJC_ARC = YES;
				CLANG_ENABLE_OBJC_WEAK = YES;
				CLANG_WARN_BLOCK_CAPTURE_AUTORELEASING = YES;
				CLANG_WARN_BOOL_CONVERSION = YES;
				CLANG_WARN_COMMA = YES;
				CLANG_WARN_CONSTANT_CONVERSION = YES;
				CLANG_WARN_DEPRECATED_OBJC_IMPLEMENTATIONS = YES;
				CLANG_WARN_DIRECT_OBJC_ISA_USAGE = YES_ERROR;
				CLANG_WARN_DOCUMENTATION_COMMENTS = YES;
				CLANG_WARN_EMPTY_BODY = YES;
				CLANG_WARN_ENUM_CONVERSION = YES;
				CLANG_WARN_INFINITE_RECURSION = YES;
				CLANG_WARN_INT_CONVERSION = YES;
				CLANG_WARN_NON_LITERAL_NULL_CONVERSION = YES;
				CLANG_WARN_OBJC_IMPLICIT_RETAIN_SELF = YES;
				CLANG_WARN_OBJC_LITERAL_CONVERSION = YES;
				CLANG_WARN_OBJC_ROOT_CLASS = YES_ERROR;
				CLANG_WARN_QUOTED_INCLUDE_IN_FRAMEWORK_HEADER = YES;
				CLANG_WARN_RANGE_LOOP_ANALYSIS = YES;
				CLANG_WARN_STRICT_PROTOTYPES = YES;
				CLANG_WARN_SUSPICIOUS_MOVE = YES;
				CLANG_WARN_UNGUARDED_AVAILABILITY = YES_AGGRESSIVE;
				CLANG_WARN_UNREACHABLE_CODE = YES;
				CLANG_WARN__DUPLICATE_METHOD_MATCH = YES;
				COPY_PHASE_STRIP = NO;
				DEBUG_INFORMATION_FORMAT = "dwarf-with-dsym";
				ENABLE_NS_ASSERTIONS = NO;
				ENABLE_STRICT_OBJC_MSGSEND = YES;
				GCC_C_LANGUAGE_STANDARD = gnu11;
				GCC_NO_COMMON_BLOCKS = YES;
				GCC_WARN_64_TO_32_BIT_CONVERSION = YES;
				GCC_WARN_ABOUT_RETURN_TYPE = YES_ERROR;
				GCC_WARN_UNDECLARED_SELECTOR = YES;
				GCC_WARN_UNINITIALIZED_AUTOS = YES_AGGRESSIVE;
				GCC_WARN_UNUSED_FUNCTION = YES;
				GCC_WARN_UNUSED_VARIABLE = YES;
				IPHONEOS_DEPLOYMENT_TARGET = 16.1;
				MTL_ENABLE_DEBUG_INFO = NO;
				MTL_FAST_MATH = YES;
				SDKROOT = iphoneos;
				SWIFT_COMPILATION_MODE = wholemodule;
				SWIFT_OPTIMIZATION_LEVEL = "-O";
				VALIDATE_PRODUCT = YES;
			};
			name = Release;
		};
		5D04A2E7292CCCF100565BFA /* Debug */ = {
			isa = XCBuildConfiguration;
			buildSettings = {
				ASSETCATALOG_COMPILER_APPICON_NAME = AppIcon;
				ASSETCATALOG_COMPILER_GLOBAL_ACCENT_COLOR_NAME = AccentColor;
				CODE_SIGN_STYLE = Automatic;
				CURRENT_PROJECT_VERSION = 1;
				DEVELOPMENT_TEAM = 9S2S9659B5;
				GENERATE_INFOPLIST_FILE = YES;
				INFOPLIST_FILE = RickMortySwiftWithoutSB/Info.plist;
				INFOPLIST_KEY_UIApplicationSupportsIndirectInputEvents = YES;
				INFOPLIST_KEY_UILaunchStoryboardName = LaunchScreen;
				INFOPLIST_KEY_UIMainStoryboardFile = Main;
				INFOPLIST_KEY_UISupportedInterfaceOrientations_iPad = "UIInterfaceOrientationPortrait UIInterfaceOrientationPortraitUpsideDown UIInterfaceOrientationLandscapeLeft UIInterfaceOrientationLandscapeRight";
				INFOPLIST_KEY_UISupportedInterfaceOrientations_iPhone = "UIInterfaceOrientationPortrait UIInterfaceOrientationLandscapeLeft UIInterfaceOrientationLandscapeRight";
				LD_RUNPATH_SEARCH_PATHS = (
					"$(inherited)",
					"@executable_path/Frameworks",
				);
				MARKETING_VERSION = 1.0;
				PRODUCT_BUNDLE_IDENTIFIER = com.mustafakilic.RickMortySwiftWithoutSB;
				PRODUCT_NAME = "$(TARGET_NAME)";
				SWIFT_EMIT_LOC_STRINGS = YES;
				SWIFT_VERSION = 5.0;
				TARGETED_DEVICE_FAMILY = "1,2";
			};
			name = Debug;
		};
		5D04A2E8292CCCF100565BFA /* Release */ = {
			isa = XCBuildConfiguration;
			buildSettings = {
				ASSETCATALOG_COMPILER_APPICON_NAME = AppIcon;
				ASSETCATALOG_COMPILER_GLOBAL_ACCENT_COLOR_NAME = AccentColor;
				CODE_SIGN_STYLE = Automatic;
				CURRENT_PROJECT_VERSION = 1;
				DEVELOPMENT_TEAM = 9S2S9659B5;
				GENERATE_INFOPLIST_FILE = YES;
				INFOPLIST_FILE = RickMortySwiftWithoutSB/Info.plist;
				INFOPLIST_KEY_UIApplicationSupportsIndirectInputEvents = YES;
				INFOPLIST_KEY_UILaunchStoryboardName = LaunchScreen;
				INFOPLIST_KEY_UIMainStoryboardFile = Main;
				INFOPLIST_KEY_UISupportedInterfaceOrientations_iPad = "UIInterfaceOrientationPortrait UIInterfaceOrientationPortraitUpsideDown UIInterfaceOrientationLandscapeLeft UIInterfaceOrientationLandscapeRight";
				INFOPLIST_KEY_UISupportedInterfaceOrientations_iPhone = "UIInterfaceOrientationPortrait UIInterfaceOrientationLandscapeLeft UIInterfaceOrientationLandscapeRight";
				LD_RUNPATH_SEARCH_PATHS = (
					"$(inherited)",
					"@executable_path/Frameworks",
				);
				MARKETING_VERSION = 1.0;
				PRODUCT_BUNDLE_IDENTIFIER = com.mustafakilic.RickMortySwiftWithoutSB;
				PRODUCT_NAME = "$(TARGET_NAME)";
				SWIFT_EMIT_LOC_STRINGS = YES;
				SWIFT_VERSION = 5.0;
				TARGETED_DEVICE_FAMILY = "1,2";
			};
			name = Release;
		};
/* End XCBuildConfiguration section */

/* Begin XCConfigurationList section */
		5D04A2CA292CCCF100565BFA /* Build configuration list for PBXProject "RickMortySwiftWithoutSB" */ = {
			isa = XCConfigurationList;
			buildConfigurations = (
				5D04A2E4292CCCF100565BFA /* Debug */,
				5D04A2E5292CCCF100565BFA /* Release */,
			);
			defaultConfigurationIsVisible = 0;
			defaultConfigurationName = Release;
		};
		5D04A2E6292CCCF100565BFA /* Build configuration list for PBXNativeTarget "RickMortySwiftWithoutSB" */ = {
			isa = XCConfigurationList;
			buildConfigurations = (
				5D04A2E7292CCCF100565BFA /* Debug */,
				5D04A2E8292CCCF100565BFA /* Release */,
			);
			defaultConfigurationIsVisible = 0;
			defaultConfigurationName = Release;
		};
/* End XCConfigurationList section */

/* Begin XCRemoteSwiftPackageReference section */
		5D1C0CA3292FB93C009461DC /* XCRemoteSwiftPackageReference "Alamofire" */ = {
			isa = XCRemoteSwiftPackageReference;
			repositoryURL = "https://github.com/Alamofire/Alamofire.git";
			requirement = {
				kind = upToNextMajorVersion;
				minimumVersion = 5.0.0;
			};
		};
		5D1C0CA6292FB95C009461DC /* XCRemoteSwiftPackageReference "AlamofireImage" */ = {
			isa = XCRemoteSwiftPackageReference;
			repositoryURL = "https://github.com/Alamofire/AlamofireImage.git";
			requirement = {
				kind = upToNextMajorVersion;
				minimumVersion = 4.0.0;
			};
		};
		5D5994EB292CEF64000DAF7A /* XCRemoteSwiftPackageReference "SnapKit" */ = {
			isa = XCRemoteSwiftPackageReference;
			repositoryURL = "https://github.com/SnapKit/SnapKit.git";
			requirement = {
				branch = develop;
				kind = branch;
			};
		};
/* End XCRemoteSwiftPackageReference section */

/* Begin XCSwiftPackageProductDependency section */
		5D1C0CA4292FB93C009461DC /* Alamofire */ = {
			isa = XCSwiftPackageProductDependency;
			package = 5D1C0CA3292FB93C009461DC /* XCRemoteSwiftPackageReference "Alamofire" */;
			productName = Alamofire;
		};
		5D1C0CA7292FB95C009461DC /* AlamofireImage */ = {
			isa = XCSwiftPackageProductDependency;
			package = 5D1C0CA6292FB95C009461DC /* XCRemoteSwiftPackageReference "AlamofireImage" */;
			productName = AlamofireImage;
		};
		5D5994EC292CEF64000DAF7A /* SnapKit */ = {
			isa = XCSwiftPackageProductDependency;
			package = 5D5994EB292CEF64000DAF7A /* XCRemoteSwiftPackageReference "SnapKit" */;
			productName = SnapKit;
		};
/* End XCSwiftPackageProductDependency section */

/* Begin XCVersionGroup section */
		5D04A2DB292CCCF100565BFA /* RickMortySwiftWithoutSB.xcdatamodeld */ = {
			isa = XCVersionGroup;
			children = (
				5D04A2DC292CCCF100565BFA /* RickMortySwiftWithoutSB.xcdatamodel */,
			);
			currentVersion = 5D04A2DC292CCCF100565BFA /* RickMortySwiftWithoutSB.xcdatamodel */;
			path = RickMortySwiftWithoutSB.xcdatamodeld;
			sourceTree = "<group>";
			versionGroupType = wrapper.xcdatamodel;
		};
/* End XCVersionGroup section */
	};
	rootObject = 5D04A2C7292CCCF100565BFA /* Project object */;
}
